# THIS IS AN AUTOGENERATED FILE. DO NOT EDIT THIS FILE DIRECTLY.
# yarn lockfile v1


core-js@^3.39.0:
  version "3.39.0"
  resolved "https://registry.npmmirror.com/core-js/-/core-js-3.39.0.tgz#57f7647f4d2d030c32a72ea23a0555b2eaa30f83"
  integrity sha512-raM0ew0/jJUqkJ0E6e8UDtl+y/7ktFivgWvqw8dNSQeNWoSDLvQ1H/RN3aPXB9tBd4/FhyR4RDPGhsNIMsAn7g==
